
Microsoft Visual Studio Solution File, Format Version 12.00
# Visual Studio Version 16
VisualStudioVersion = 16.0.30204.135
MinimumVisualStudioVersion = 10.0.40219.1
Project("{FAE04EC0-301F-11D3-BF4B-00C04F79EFBC}") = "Sistema Colégio", "Sistema Colégio\Sistema Colégio.csproj", "{DA281F2D-3CF2-4FFD-AC6D-87B71C95B984}"
EndProject
Global
	GlobalSection(SolutionConfigurationPlatforms) = preSolution
		Debug|Any CPU = Debug|Any CPU
		Release|Any CPU = Release|Any CPU
	EndGlobalSection
	GlobalSection(ProjectConfigurationPlatforms) = postSolution
		{DA281F2D-3CF2-4FFD-AC6D-87B71C95B984}.Debug|Any CPU.ActiveCfg = Debug|Any CPU
		{DA281F2D-3CF2-4FFD-AC6D-87B71C95B984}.Debug|Any CPU.Build.0 = Debug|Any CPU
		{DA281F2D-3CF2-4FFD-AC6D-87B71C95B984}.Release|Any CPU.ActiveCfg = Release|Any CPU
		{DA281F2D-3CF2-4FFD-AC6D-87B71C95B984}.Release|Any CPU.Build.0 = Release|Any CPU
	EndGlobalSection
	GlobalSection(SolutionProperties) = preSolution
		HideSolutionNode = FALSE
	EndGlobalSection
	GlobalSection(ExtensibilityGlobals) = postSolution
		SolutionGuid = {3653E816-0B92-42C0-A6AC-8C05776AFA3A}
	EndGlobalSection
EndGlobal
